
Microsoft Visual Studio Solution File, Format Version 12.00
# Visual Studio 15
VisualStudioVersion = 15.0.27703.2042
MinimumVisualStudioVersion = 10.0.40219.1
Project("{8BC9CEB8-8B4A-11D0-8D11-00A0C91BC942}") = "Day0", "Day0\Day0.vcxproj", "{416A9F00-24A4-4DCD-A8F6-5B04A7BED6FA}"
EndProject
Project("{8BC9CEB8-8B4A-11D0-8D11-00A0C91BC942}") = "Day1", "Day1\Day1.vcxproj", "{B8F78F40-5F5B-4A09-BFC0-83D31920417D}"
EndProject
Project("{8BC9CEB8-8B4A-11D0-8D11-00A0C91BC942}") = "Day2", "Day2\Day2.vcxproj", "{84E6874D-671C-46E3-9C65-546E23BB6007}"
EndProject
Project("{8BC9CEB8-8B4A-11D0-8D11-00A0C91BC942}") = "Day3", "Day3\Day3.vcxproj", "{94AD6989-1A0E-4561-8ECC-EE29C07415BB}"
EndProject
Project("{8BC9CEB8-8B4A-11D0-8D11-00A0C91BC942}") = "Day4", "Day4\Day4.vcxproj", "{0ACFF572-ABF9-4E49-8C8A-8B5FAE4804A7}"
EndProject
Project("{8BC9CEB8-8B4A-11D0-8D11-00A0C91BC942}") = "Day5", "Day5\Day5.vcxproj", "{1FE2CBFC-7282-4546-8B13-D0856FD142E1}"
EndProject
Project("{8BC9CEB8-8B4A-11D0-8D11-00A0C91BC942}") = "Day6", "Day6\Day6.vcxproj", "{BB40B6F3-394D-4701-A6EE-A68F1B2B9B85}"
EndProject
Project("{8BC9CEB8-8B4A-11D0-8D11-00A0C91BC942}") = "Day7", "Day7\Day7.vcxproj", "{27129084-20E5-4778-88C1-1A2E8F6ED1CE}"
EndProject
Project("{8BC9CEB8-8B4A-11D0-8D11-00A0C91BC942}") = "Day8", "Day8\Day8.vcxproj", "{F3D497F4-8036-4454-91F9-3C923DD96D73}"
EndProject
Project("{8BC9CEB8-8B4A-11D0-8D11-00A0C91BC942}") = "Day9", "Day9\Day9.vcxproj", "{5F65CD51-D90A-43F2-B944-A5A6589F4991}"
EndProject
Project("{8BC9CEB8-8B4A-11D0-8D11-00A0C91BC942}") = "Day10", "Day10\Day10.vcxproj", "{3A4309C6-955E-40CE-888B-DD332E99F15D}"
EndProject
Global
	GlobalSection(SolutionConfigurationPlatforms) = preSolution
		Debug|x64 = Debug|x64
		Debug|x86 = Debug|x86
		Release|x64 = Release|x64
		Release|x86 = Release|x86
	EndGlobalSection
	GlobalSection(ProjectConfigurationPlatforms) = postSolution
		{416A9F00-24A4-4DCD-A8F6-5B04A7BED6FA}.Debug|x64.ActiveCfg = Debug|x64
		{416A9F00-24A4-4DCD-A8F6-5B04A7BED6FA}.Debug|x64.Build.0 = Debug|x64
		{416A9F00-24A4-4DCD-A8F6-5B04A7BED6FA}.Debug|x86.ActiveCfg = Debug|Win32
		{416A9F00-24A4-4DCD-A8F6-5B04A7BED6FA}.Debug|x86.Build.0 = Debug|Win32
		{416A9F00-24A4-4DCD-A8F6-5B04A7BED6FA}.Release|x64.ActiveCfg = Release|x64
		{416A9F00-24A4-4DCD-A8F6-5B04A7BED6FA}.Release|x64.Build.0 = Release|x64
		{416A9F00-24A4-4DCD-A8F6-5B04A7BED6FA}.Release|x86.ActiveCfg = Release|Win32
		{416A9F00-24A4-4DCD-A8F6-5B04A7BED6FA}.Release|x86.Build.0 = Release|Win32
		{B8F78F40-5F5B-4A09-BFC0-83D31920417D}.Debug|x64.ActiveCfg = Debug|x64
		{B8F78F40-5F5B-4A09-BFC0-83D31920417D}.Debug|x64.Build.0 = Debug|x64
		{B8F78F40-5F5B-4A09-BFC0-83D31920417D}.Debug|x86.ActiveCfg = Debug|Win32
		{B8F78F40-5F5B-4A09-BFC0-83D31920417D}.Debug|x86.Build.0 = Debug|Win32
		{B8F78F40-5F5B-4A09-BFC0-83D31920417D}.Release|x64.ActiveCfg = Release|x64
		{B8F78F40-5F5B-4A09-BFC0-83D31920417D}.Release|x64.Build.0 = Release|x64
		{B8F78F40-5F5B-4A09-BFC0-83D31920417D}.Release|x86.ActiveCfg = Release|Win32
		{B8F78F40-5F5B-4A09-BFC0-83D31920417D}.Release|x86.Build.0 = Release|Win32
		{84E6874D-671C-46E3-9C65-546E23BB6007}.Debug|x64.ActiveCfg = Debug|x64
		{84E6874D-671C-46E3-9C65-546E23BB6007}.Debug|x64.Build.0 = Debug|x64
		{84E6874D-671C-46E3-9C65-546E23BB6007}.Debug|x86.ActiveCfg = Debug|Win32
		{84E6874D-671C-46E3-9C65-546E23BB6007}.Debug|x86.Build.0 = Debug|Win32
		{84E6874D-671C-46E3-9C65-546E23BB6007}.Release|x64.ActiveCfg = Release|x64
		{84E6874D-671C-46E3-9C65-546E23BB6007}.Release|x64.Build.0 = Release|x64
		{84E6874D-671C-46E3-9C65-546E23BB6007}.Release|x86.ActiveCfg = Release|Win32
		{84E6874D-671C-46E3-9C65-546E23BB6007}.Release|x86.Build.0 = Release|Win32
		{94AD6989-1A0E-4561-8ECC-EE29C07415BB}.Debug|x64.ActiveCfg = Debug|x64
		{94AD6989-1A0E-4561-8ECC-EE29C07415BB}.Debug|x64.Build.0 = Debug|x64
		{94AD6989-1A0E-4561-8ECC-EE29C07415BB}.Debug|x86.ActiveCfg = Debug|Win32
		{94AD6989-1A0E-4561-8ECC-EE29C07415BB}.Debug|x86.Build.0 = Debug|Win32
		{94AD6989-1A0E-4561-8ECC-EE29C07415BB}.Release|x64.ActiveCfg = Release|x64
		{94AD6989-1A0E-4561-8ECC-EE29C07415BB}.Release|x64.Build.0 = Release|x64
		{94AD6989-1A0E-4561-8ECC-EE29C07415BB}.Release|x86.ActiveCfg = Release|Win32
		{94AD6989-1A0E-4561-8ECC-EE29C07415BB}.Release|x86.Build.0 = Release|Win32
		{0ACFF572-ABF9-4E49-8C8A-8B5FAE4804A7}.Debug|x64.ActiveCfg = Debug|x64
		{0ACFF572-ABF9-4E49-8C8A-8B5FAE4804A7}.Debug|x64.Build.0 = Debug|x64
		{0ACFF572-ABF9-4E49-8C8A-8B5FAE4804A7}.Debug|x86.ActiveCfg = Debug|Win32
		{0ACFF572-ABF9-4E49-8C8A-8B5FAE4804A7}.Debug|x86.Build.0 = Debug|Win32
		{0ACFF572-ABF9-4E49-8C8A-8B5FAE4804A7}.Release|x64.ActiveCfg = Release|x64
		{0ACFF572-ABF9-4E49-8C8A-8B5FAE4804A7}.Release|x64.Build.0 = Release|x64
		{0ACFF572-ABF9-4E49-8C8A-8B5FAE4804A7}.Release|x86.ActiveCfg = Release|Win32
		{0ACFF572-ABF9-4E49-8C8A-8B5FAE4804A7}.Release|x86.Build.0 = Release|Win32
		{1FE2CBFC-7282-4546-8B13-D0856FD142E1}.Debug|x64.ActiveCfg = Debug|x64
		{1FE2CBFC-7282-4546-8B13-D0856FD142E1}.Debug|x64.Build.0 = Debug|x64
		{1FE2CBFC-7282-4546-8B13-D0856FD142E1}.Debug|x86.ActiveCfg = Debug|Win32
		{1FE2CBFC-7282-4546-8B13-D0856FD142E1}.Debug|x86.Build.0 = Debug|Win32
		{1FE2CBFC-7282-4546-8B13-D0856FD142E1}.Release|x64.ActiveCfg = Release|x64
		{1FE2CBFC-7282-4546-8B13-D0856FD142E1}.Release|x64.Build.0 = Release|x64
		{1FE2CBFC-7282-4546-8B13-D0856FD142E1}.Release|x86.ActiveCfg = Release|Win32
		{1FE2CBFC-7282-4546-8B13-D0856FD142E1}.Release|x86.Build.0 = Release|Win32
		{BB40B6F3-394D-4701-A6EE-A68F1B2B9B85}.Debug|x64.ActiveCfg = Debug|x64
		{BB40B6F3-394D-4701-A6EE-A68F1B2B9B85}.Debug|x64.Build.0 = Debug|x64
		{BB40B6F3-394D-4701-A6EE-A68F1B2B9B85}.Debug|x86.ActiveCfg = Debug|Win32
		{BB40B6F3-394D-4701-A6EE-A68F1B2B9B85}.Debug|x86.Build.0 = Debug|Win32
		{BB40B6F3-394D-4701-A6EE-A68F1B2B9B85}.Release|x64.ActiveCfg = Release|x64
		{BB40B6F3-394D-4701-A6EE-A68F1B2B9B85}.Release|x64.Build.0 = Release|x64
		{BB40B6F3-394D-4701-A6EE-A68F1B2B9B85}.Release|x86.ActiveCfg = Release|Win32
		{BB40B6F3-394D-4701-A6EE-A68F1B2B9B85}.Release|x86.Build.0 = Release|Win32
		{27129084-20E5-4778-88C1-1A2E8F6ED1CE}.Debug|x64.ActiveCfg = Debug|x64
		{27129084-20E5-4778-88C1-1A2E8F6ED1CE}.Debug|x64.Build.0 = Debug|x64
		{27129084-20E5-4778-88C1-1A2E8F6ED1CE}.Debug|x86.ActiveCfg = Debug|Win32
		{27129084-20E5-4778-88C1-1A2E8F6ED1CE}.Debug|x86.Build.0 = Debug|Win32
		{27129084-20E5-4778-88C1-1A2E8F6ED1CE}.Release|x64.ActiveCfg = Release|x64
		{27129084-20E5-4778-88C1-1A2E8F6ED1CE}.Release|x64.Build.0 = Release|x64
		{27129084-20E5-4778-88C1-1A2E8F6ED1CE}.Release|x86.ActiveCfg = Release|Win32
		{27129084-20E5-4778-88C1-1A2E8F6ED1CE}.Release|x86.Build.0 = Release|Win32
		{F3D497F4-8036-4454-91F9-3C923DD96D73}.Debug|x64.ActiveCfg = Debug|x64
		{F3D497F4-8036-4454-91F9-3C923DD96D73}.Debug|x64.Build.0 = Debug|x64
		{F3D497F4-8036-4454-91F9-3C923DD96D73}.Debug|x86.ActiveCfg = Debug|Win32
		{F3D497F4-8036-4454-91F9-3C923DD96D73}.Debug|x86.Build.0 = Debug|Win32
		{F3D497F4-8036-4454-91F9-3C923DD96D73}.Release|x64.ActiveCfg = Release|x64
		{F3D497F4-8036-4454-91F9-3C923DD96D73}.Release|x64.Build.0 = Release|x64
		{F3D497F4-8036-4454-91F9-3C923DD96D73}.Release|x86.ActiveCfg = Release|Win32
		{F3D497F4-8036-4454-91F9-3C923DD96D73}.Release|x86.Build.0 = Release|Win32
		{5F65CD51-D90A-43F2-B944-A5A6589F4991}.Debug|x64.ActiveCfg = Debug|x64
		{5F65CD51-D90A-43F2-B944-A5A6589F4991}.Debug|x64.Build.0 = Debug|x64
		{5F65CD51-D90A-43F2-B944-A5A6589F4991}.Debug|x86.ActiveCfg = Debug|Win32
		{5F65CD51-D90A-43F2-B944-A5A6589F4991}.Debug|x86.Build.0 = Debug|Win32
		{5F65CD51-D90A-43F2-B944-A5A6589F4991}.Release|x64.ActiveCfg = Release|x64
		{5F65CD51-D90A-43F2-B944-A5A6589F4991}.Release|x64.Build.0 = Release|x64
		{5F65CD51-D90A-43F2-B944-A5A6589F4991}.Release|x86.ActiveCfg = Release|Win32
		{5F65CD51-D90A-43F2-B944-A5A6589F4991}.Release|x86.Build.0 = Release|Win32
		{3A4309C6-955E-40CE-888B-DD332E99F15D}.Debug|x64.ActiveCfg = Debug|x64
		{3A4309C6-955E-40CE-888B-DD332E99F15D}.Debug|x64.Build.0 = Debug|x64
		{3A4309C6-955E-40CE-888B-DD332E99F15D}.Debug|x86.ActiveCfg = Debug|Win32
		{3A4309C6-955E-40CE-888B-DD332E99F15D}.Debug|x86.Build.0 = Debug|Win32
		{3A4309C6-955E-40CE-888B-DD332E99F15D}.Release|x64.ActiveCfg = Release|x64
		{3A4309C6-955E-40CE-888B-DD332E99F15D}.Release|x64.Build.0 = Release|x64
		{3A4309C6-955E-40CE-888B-DD332E99F15D}.Release|x86.ActiveCfg = Release|Win32
		{3A4309C6-955E-40CE-888B-DD332E99F15D}.Release|x86.Build.0 = Release|Win32
	EndGlobalSection
	GlobalSection(SolutionProperties) = preSolution
		HideSolutionNode = FALSE
	EndGlobalSection
	GlobalSection(ExtensibilityGlobals) = postSolution
		SolutionGuid = {A2F07069-2368-4676-BB35-E337DDEE0AE6}
	EndGlobalSection
EndGlobal
